
Microsoft Visual Studio Solution File, Format Version 12.00
# Visual Studio Version 17
VisualStudioVersion = 17.0.31903.59
MinimumVisualStudioVersion = 10.0.40219.1
Project("{FAE04EC0-301F-11D3-BF4B-00C04F79EFBC}") = "FIAPOficina.Api", "FIAPOficina.Api\FIAPOficina.Api.csproj", "{A9145187-EC36-47E6-9020-61B4F8AD3962}"
EndProject
Project("{FAE04EC0-301F-11D3-BF4B-00C04F79EFBC}") = "FIAPOficina.Application", "FIAPOficina.Application\FIAPOficina.Application.csproj", "{7E657090-E8D8-4E51-94F1-23B071958889}"
EndProject
Project("{FAE04EC0-301F-11D3-BF4B-00C04F79EFBC}") = "FIAPOficina.Domain", "FIAPOficina.Domain\FIAPOficina.Domain.csproj", "{17E6AB56-63A8-4879-B029-4323F1EB9D56}"
EndProject
Project("{FAE04EC0-301F-11D3-BF4B-00C04F79EFBC}") = "FIAPOficina.Infrastructure", "FIAPOficina.Infrastructure\FIAPOficina.Infrastructure.csproj", "{BC5C5CE9-BD46-4695-950A-723A3100E6F0}"
EndProject
Global
	GlobalSection(SolutionConfigurationPlatforms) = preSolution
		Debug|Any CPU = Debug|Any CPU
		Debug|x64 = Debug|x64
		Debug|x86 = Debug|x86
		Release|Any CPU = Release|Any CPU
		Release|x64 = Release|x64
		Release|x86 = Release|x86
	EndGlobalSection
	GlobalSection(ProjectConfigurationPlatforms) = postSolution
		{A9145187-EC36-47E6-9020-61B4F8AD3962}.Debug|Any CPU.ActiveCfg = Debug|Any CPU
		{A9145187-EC36-47E6-9020-61B4F8AD3962}.Debug|Any CPU.Build.0 = Debug|Any CPU
		{A9145187-EC36-47E6-9020-61B4F8AD3962}.Debug|x64.ActiveCfg = Debug|Any CPU
		{A9145187-EC36-47E6-9020-61B4F8AD3962}.Debug|x64.Build.0 = Debug|Any CPU
		{A9145187-EC36-47E6-9020-61B4F8AD3962}.Debug|x86.ActiveCfg = Debug|Any CPU
		{A9145187-EC36-47E6-9020-61B4F8AD3962}.Debug|x86.Build.0 = Debug|Any CPU
		{A9145187-EC36-47E6-9020-61B4F8AD3962}.Release|Any CPU.ActiveCfg = Release|Any CPU
		{A9145187-EC36-47E6-9020-61B4F8AD3962}.Release|Any CPU.Build.0 = Release|Any CPU
		{A9145187-EC36-47E6-9020-61B4F8AD3962}.Release|x64.ActiveCfg = Release|Any CPU
		{A9145187-EC36-47E6-9020-61B4F8AD3962}.Release|x64.Build.0 = Release|Any CPU
		{A9145187-EC36-47E6-9020-61B4F8AD3962}.Release|x86.ActiveCfg = Release|Any CPU
		{A9145187-EC36-47E6-9020-61B4F8AD3962}.Release|x86.Build.0 = Release|Any CPU
		{7E657090-E8D8-4E51-94F1-23B071958889}.Debug|Any CPU.ActiveCfg = Debug|Any CPU
		{7E657090-E8D8-4E51-94F1-23B071958889}.Debug|Any CPU.Build.0 = Debug|Any CPU
		{7E657090-E8D8-4E51-94F1-23B071958889}.Debug|x64.ActiveCfg = Debug|Any CPU
		{7E657090-E8D8-4E51-94F1-23B071958889}.Debug|x64.Build.0 = Debug|Any CPU
		{7E657090-E8D8-4E51-94F1-23B071958889}.Debug|x86.ActiveCfg = Debug|Any CPU
		{7E657090-E8D8-4E51-94F1-23B071958889}.Debug|x86.Build.0 = Debug|Any CPU
		{7E657090-E8D8-4E51-94F1-23B071958889}.Release|Any CPU.ActiveCfg = Release|Any CPU
		{7E657090-E8D8-4E51-94F1-23B071958889}.Release|Any CPU.Build.0 = Release|Any CPU
		{7E657090-E8D8-4E51-94F1-23B071958889}.Release|x64.ActiveCfg = Release|Any CPU
		{7E657090-E8D8-4E51-94F1-23B071958889}.Release|x64.Build.0 = Release|Any CPU
		{7E657090-E8D8-4E51-94F1-23B071958889}.Release|x86.ActiveCfg = Release|Any CPU
		{7E657090-E8D8-4E51-94F1-23B071958889}.Release|x86.Build.0 = Release|Any CPU
		{17E6AB56-63A8-4879-B029-4323F1EB9D56}.Debug|Any CPU.ActiveCfg = Debug|Any CPU
		{17E6AB56-63A8-4879-B029-4323F1EB9D56}.Debug|Any CPU.Build.0 = Debug|Any CPU
		{17E6AB56-63A8-4879-B029-4323F1EB9D56}.Debug|x64.ActiveCfg = Debug|Any CPU
		{17E6AB56-63A8-4879-B029-4323F1EB9D56}.Debug|x64.Build.0 = Debug|Any CPU
		{17E6AB56-63A8-4879-B029-4323F1EB9D56}.Debug|x86.ActiveCfg = Debug|Any CPU
		{17E6AB56-63A8-4879-B029-4323F1EB9D56}.Debug|x86.Build.0 = Debug|Any CPU
		{17E6AB56-63A8-4879-B029-4323F1EB9D56}.Release|Any CPU.ActiveCfg = Release|Any CPU
		{17E6AB56-63A8-4879-B029-4323F1EB9D56}.Release|Any CPU.Build.0 = Release|Any CPU
		{17E6AB56-63A8-4879-B029-4323F1EB9D56}.Release|x64.ActiveCfg = Release|Any CPU
		{17E6AB56-63A8-4879-B029-4323F1EB9D56}.Release|x64.Build.0 = Release|Any CPU
		{17E6AB56-63A8-4879-B029-4323F1EB9D56}.Release|x86.ActiveCfg = Release|Any CPU
		{17E6AB56-63A8-4879-B029-4323F1EB9D56}.Release|x86.Build.0 = Release|Any CPU
		{BC5C5CE9-BD46-4695-950A-723A3100E6F0}.Debug|Any CPU.ActiveCfg = Debug|Any CPU
		{BC5C5CE9-BD46-4695-950A-723A3100E6F0}.Debug|Any CPU.Build.0 = Debug|Any CPU
		{BC5C5CE9-BD46-4695-950A-723A3100E6F0}.Debug|x64.ActiveCfg = Debug|Any CPU
		{BC5C5CE9-BD46-4695-950A-723A3100E6F0}.Debug|x64.Build.0 = Debug|Any CPU
		{BC5C5CE9-BD46-4695-950A-723A3100E6F0}.Debug|x86.ActiveCfg = Debug|Any CPU
		{BC5C5CE9-BD46-4695-950A-723A3100E6F0}.Debug|x86.Build.0 = Debug|Any CPU
		{BC5C5CE9-BD46-4695-950A-723A3100E6F0}.Release|Any CPU.ActiveCfg = Release|Any CPU
		{BC5C5CE9-BD46-4695-950A-723A3100E6F0}.Release|Any CPU.Build.0 = Release|Any CPU
		{BC5C5CE9-BD46-4695-950A-723A3100E6F0}.Release|x64.ActiveCfg = Release|Any CPU
		{BC5C5CE9-BD46-4695-950A-723A3100E6F0}.Release|x64.Build.0 = Release|Any CPU
		{BC5C5CE9-BD46-4695-950A-723A3100E6F0}.Release|x86.ActiveCfg = Release|Any CPU
		{BC5C5CE9-BD46-4695-950A-723A3100E6F0}.Release|x86.Build.0 = Release|Any CPU
	EndGlobalSection
	GlobalSection(SolutionProperties) = preSolution
		HideSolutionNode = FALSE
	EndGlobalSection
	GlobalSection(ExtensibilityGlobals) = postSolution
		SolutionGuid = {3F24757F-24B5-4521-A4E3-1598CF306CEF}
	EndGlobalSection
EndGlobal
